
Microsoft Visual Studio Solution File, Format Version 12.00
# Visual Studio Version 17
VisualStudioVersion = 17.7.34031.279
MinimumVisualStudioVersion = 10.0.40219.1
Project("{FAE04EC0-301F-11D3-BF4B-00C04F79EFBC}") = "beta isw", "beta isw\beta isw.csproj", "{27701BD5-4FBF-4C28-82B2-9C049E13AF52}"
EndProject
Global
	GlobalSection(SolutionConfigurationPlatforms) = preSolution
		Debug|Any CPU = Debug|Any CPU
		Release|Any CPU = Release|Any CPU
	EndGlobalSection
	GlobalSection(ProjectConfigurationPlatforms) = postSolution
		{27701BD5-4FBF-4C28-82B2-9C049E13AF52}.Debug|Any CPU.ActiveCfg = Debug|Any CPU
		{27701BD5-4FBF-4C28-82B2-9C049E13AF52}.Debug|Any CPU.Build.0 = Debug|Any CPU
		{27701BD5-4FBF-4C28-82B2-9C049E13AF52}.Release|Any CPU.ActiveCfg = Release|Any CPU
		{27701BD5-4FBF-4C28-82B2-9C049E13AF52}.Release|Any CPU.Build.0 = Release|Any CPU
	EndGlobalSection
	GlobalSection(SolutionProperties) = preSolution
		HideSolutionNode = FALSE
	EndGlobalSection
	GlobalSection(ExtensibilityGlobals) = postSolution
		SolutionGuid = {376C3460-ED2B-4C3C-BC41-EC63379DE0CF}
	EndGlobalSection
EndGlobal
